
Microsoft Visual Studio Solution File, Format Version 12.00
# Visual Studio Version 16
VisualStudioVersion = 16.0.32106.194
MinimumVisualStudioVersion = 10.0.40219.1
Project("{9A19103F-16F7-4668-BE54-9A1E7A4F7556}") = "ImageApplication", "ImageApplication\ImageApplication.csproj", "{EB4D7955-9BEA-49FA-9C37-1F3B32F4ACD8}"
EndProject
Project("{9A19103F-16F7-4668-BE54-9A1E7A4F7556}") = "APIGateway", "APIGateway\APIGateway.csproj", "{BF9CD598-836F-48CB-82D5-F8800FA8E26D}"
EndProject
Project("{FAE04EC0-301F-11D3-BF4B-00C04F79EFBC}") = "Client", "Client\Client.csproj", "{C1A500A6-C388-4CA0-BBF0-2FC3F5AE0311}"
EndProject
Global
	GlobalSection(SolutionConfigurationPlatforms) = preSolution
		Debug|Any CPU = Debug|Any CPU
		Release|Any CPU = Release|Any CPU
	EndGlobalSection
	GlobalSection(ProjectConfigurationPlatforms) = postSolution
		{EB4D7955-9BEA-49FA-9C37-1F3B32F4ACD8}.Debug|Any CPU.ActiveCfg = Debug|Any CPU
		{EB4D7955-9BEA-49FA-9C37-1F3B32F4ACD8}.Debug|Any CPU.Build.0 = Debug|Any CPU
		{EB4D7955-9BEA-49FA-9C37-1F3B32F4ACD8}.Release|Any CPU.ActiveCfg = Release|Any CPU
		{EB4D7955-9BEA-49FA-9C37-1F3B32F4ACD8}.Release|Any CPU.Build.0 = Release|Any CPU
		{BF9CD598-836F-48CB-82D5-F8800FA8E26D}.Debug|Any CPU.ActiveCfg = Debug|Any CPU
		{BF9CD598-836F-48CB-82D5-F8800FA8E26D}.Debug|Any CPU.Build.0 = Debug|Any CPU
		{BF9CD598-836F-48CB-82D5-F8800FA8E26D}.Release|Any CPU.ActiveCfg = Release|Any CPU
		{BF9CD598-836F-48CB-82D5-F8800FA8E26D}.Release|Any CPU.Build.0 = Release|Any CPU
		{C1A500A6-C388-4CA0-BBF0-2FC3F5AE0311}.Debug|Any CPU.ActiveCfg = Debug|Any CPU
		{C1A500A6-C388-4CA0-BBF0-2FC3F5AE0311}.Debug|Any CPU.Build.0 = Debug|Any CPU
		{C1A500A6-C388-4CA0-BBF0-2FC3F5AE0311}.Release|Any CPU.ActiveCfg = Release|Any CPU
		{C1A500A6-C388-4CA0-BBF0-2FC3F5AE0311}.Release|Any CPU.Build.0 = Release|Any CPU
	EndGlobalSection
	GlobalSection(SolutionProperties) = preSolution
		HideSolutionNode = FALSE
	EndGlobalSection
	GlobalSection(ExtensibilityGlobals) = postSolution
		SolutionGuid = {D3C0FA28-1263-4471-A32D-7F4CA45C1D1D}
	EndGlobalSection
EndGlobal
